
Microsoft Visual Studio Solution File, Format Version 12.00
# Visual Studio Version 16
VisualStudioVersion = 16.0.30611.23
MinimumVisualStudioVersion = 10.0.40219.1
Project("{8BC9CEB8-8B4A-11D0-8D11-00A0C91BC942}") = "Demo", "Demo\Demo.vcxproj", "{24CEA4CF-D0CC-4A0E-8903-B17D895F67DB}"
EndProject
Project("{8BC9CEB8-8B4A-11D0-8D11-00A0C91BC942}") = "Chenille", "Chenille\Chenille.vcxproj", "{AB87C9D4-C9E8-4672-B8D0-56DBFA69EA9C}"
EndProject
Global
	GlobalSection(SolutionConfigurationPlatforms) = preSolution
		Debug|x64 = Debug|x64
		Debug|x86 = Debug|x86
		Release|x64 = Release|x64
		Release|x86 = Release|x86
	EndGlobalSection
	GlobalSection(ProjectConfigurationPlatforms) = postSolution
		{24CEA4CF-D0CC-4A0E-8903-B17D895F67DB}.Debug|x64.ActiveCfg = Debug|x64
		{24CEA4CF-D0CC-4A0E-8903-B17D895F67DB}.Debug|x64.Build.0 = Debug|x64
		{24CEA4CF-D0CC-4A0E-8903-B17D895F67DB}.Debug|x86.ActiveCfg = Debug|Win32
		{24CEA4CF-D0CC-4A0E-8903-B17D895F67DB}.Debug|x86.Build.0 = Debug|Win32
		{24CEA4CF-D0CC-4A0E-8903-B17D895F67DB}.Release|x64.ActiveCfg = Release|x64
		{24CEA4CF-D0CC-4A0E-8903-B17D895F67DB}.Release|x64.Build.0 = Release|x64
		{24CEA4CF-D0CC-4A0E-8903-B17D895F67DB}.Release|x86.ActiveCfg = Release|Win32
		{24CEA4CF-D0CC-4A0E-8903-B17D895F67DB}.Release|x86.Build.0 = Release|Win32
		{AB87C9D4-C9E8-4672-B8D0-56DBFA69EA9C}.Debug|x64.ActiveCfg = Debug|x64
		{AB87C9D4-C9E8-4672-B8D0-56DBFA69EA9C}.Debug|x64.Build.0 = Debug|x64
		{AB87C9D4-C9E8-4672-B8D0-56DBFA69EA9C}.Debug|x86.ActiveCfg = Debug|Win32
		{AB87C9D4-C9E8-4672-B8D0-56DBFA69EA9C}.Debug|x86.Build.0 = Debug|Win32
		{AB87C9D4-C9E8-4672-B8D0-56DBFA69EA9C}.Release|x64.ActiveCfg = Release|x64
		{AB87C9D4-C9E8-4672-B8D0-56DBFA69EA9C}.Release|x64.Build.0 = Release|x64
		{AB87C9D4-C9E8-4672-B8D0-56DBFA69EA9C}.Release|x86.ActiveCfg = Release|Win32
		{AB87C9D4-C9E8-4672-B8D0-56DBFA69EA9C}.Release|x86.Build.0 = Release|Win32
	EndGlobalSection
	GlobalSection(SolutionProperties) = preSolution
		HideSolutionNode = FALSE
	EndGlobalSection
	GlobalSection(ExtensibilityGlobals) = postSolution
		SolutionGuid = {6C02964D-CEA7-475D-AD7C-FD4EDB1344E4}
	EndGlobalSection
EndGlobal
